# THIS IS AN AUTOGENERATED FILE. DO NOT EDIT THIS FILE DIRECTLY.
# yarn lockfile v1


"@bedrock-layout/use-forwarded-ref@^1.1.4":
  version "1.1.11"
  resolved "https://registry.yarnpkg.com/@bedrock-layout/use-forwarded-ref/-/use-forwarded-ref-1.1.11.tgz#c649a0dc442ee7633509f1d279f55152e55e718f"
  integrity sha512-FR10Q59jOzOfAk1TMSWpBAPRG35cCW57Y1gLloqwBqbYypuUICaXnYGoMCy9bBqpeBpweVJNSWVvmFhuAFzLjg==
  dependencies:
    "@bedrock-layout/use-stateful-ref" "^1.1.11"

"@bedrock-layout/use-stateful-ref@^1.1.11":
  version "1.1.11"
  resolved "https://registry.yarnpkg.com/@bedrock-layout/use-stateful-ref/-/use-stateful-ref-1.1.11.tgz#16c08097bec069ab234043383d1ccc77a4dacd4a"
  integrity sha512-yU73p/LxInc3T4ZHF/2vGrmYB0LxHEbpw9bOLG8YE8cptmnDWbxd3vTEFERts9dwD0kqV+UV2iqXzuHWwj9kiA==

body-scroll-lock@^3.1.5:
  version "3.1.5"
  resolved "https://registry.yarnpkg.com/body-scroll-lock/-/body-scroll-lock-3.1.5.tgz#c1392d9217ed2c3e237fee1e910f6cdd80b7aaec"
  integrity sha512-Yi1Xaml0EvNA0OYWxXiYNqY24AfWkbA6w5vxE7GWxtKfzIbZM+Qw+aSmkgsbWzbHiy/RCSkUZBplVxTA+E4jJg==

classnames@^2.2.6:
  version "2.3.1"
  resolved "https://registry.yarnpkg.com/classnames/-/classnames-2.3.1.tgz#dfcfa3891e306ec1dad105d0e88f4417b8535e8e"
  integrity sha512-OlQdbZ7gLfGarSqxesMesDa5uz7KFbID8Kpq/SxIoNGDqY8lSYs0D+hhtBXhcdB3rcbXArFr7vlHheLk1voeNA==

react-responsive-modal@^6.1.0:
  version "6.1.0"
  resolved "https://registry.yarnpkg.com/react-responsive-modal/-/react-responsive-modal-6.1.0.tgz#0ac17083e3053268a799755e1e9406052e28d5e3"
  integrity sha512-A0HUi0VCkLucfKblljLytnPXJ0FTnEOwYh/Yg3HSU0pT6Uevkc5bjDc+ai7RTZ6ENnXS+rR55i62tWpsW7B5EQ==
  dependencies:
    "@bedrock-layout/use-forwarded-ref" "^1.1.4"
    body-scroll-lock "^3.1.5"
    classnames "^2.2.6"
